// !$*UTF8*$!
{
	archiveVersion = 1;
	classes = {
	};
	objectVersion = 46;
	objects = {

/* Begin PBXBuildFile section */
		577E07FC1D98B7DC0026413B /* AppDelegate.swift in Sources */ = {isa = PBXBuildFile; fileRef = 577E07FB1D98B7DC0026413B /* AppDelegate.swift */; };
		577E07FE1D98B7DC0026413B /* ViewController.swift in Sources */ = {isa = PBXBuildFile; fileRef = 577E07FD1D98B7DC0026413B /* ViewController.swift */; };
		577E08011D98B7DC0026413B /* Main.storyboard in Resources */ = {isa = PBXBuildFile; fileRef = 577E07FF1D98B7DC0026413B /* Main.storyboard */; };
		577E08031D98B7DC0026413B /* Assets.xcassets in Resources */ = {isa = PBXBuildFile; fileRef = 577E08021D98B7DC0026413B /* Assets.xcassets */; };
		577E08061D98B7DC0026413B /* LaunchScreen.storyboard in Resources */ = {isa = PBXBuildFile; fileRef = 577E08041D98B7DC0026413B /* LaunchScreen.storyboard */; };
		577E080E1D98B90B0026413B /* ViewA.swift in Sources */ = {isa = PBXBuildFile; fileRef = 577E080D1D98B90B0026413B /* ViewA.swift */; };
		577E08101D98B9140026413B /* ViewB.swift in Sources */ = {isa = PBXBuildFile; fileRef = 577E080F1D98B9140026413B /* ViewB.swift */; };
		577E08121D98B9220026413B /* ViewC.swift in Sources */ = {isa = PBXBuildFile; fileRef = 577E08111D98B9220026413B /* ViewC.swift */; };
		577E08141D98E4B90026413B /* ViewD.swift in Sources */ = {isa = PBXBuildFile; fileRef = 577E08131D98E4B90026413B /* ViewD.swift */; };
/* End PBXBuildFile section */

/* Begin PBXFileReference section */
		577E07F81D98B7DC0026413B /* 视图响应.app */ = {isa = PBXFileReference; explicitFileType = wrapper.application; includeInIndex = 0; path = "视图响应.app"; sourceTree = BUILT_PRODUCTS_DIR; };
		577E07FB1D98B7DC0026413B /* AppDelegate.swift */ = {isa = PBXFileReference; lastKnownFileType = sourcecode.swift; path = AppDelegate.swift; sourceTree = "<group>"; };
		577E07FD1D98B7DC0026413B /* ViewController.swift */ = {isa = PBXFileReference; lastKnownFileType = sourcecode.swift; path = ViewController.swift; sourceTree = "<group>"; };
		577E08001D98B7DC0026413B /* Base */ = {isa = PBXFileReference; lastKnownFileType = file.storyboard; name = Base; path = Base.lproj/Main.storyboard; sourceTree = "<group>"; };
		577E08021D98B7DC0026413B /* Assets.xcassets */ = {isa = PBXFileReference; lastKnownFileType = folder.assetcatalog; path = Assets.xcassets; sourceTree = "<group>"; };
		577E08051D98B7DC0026413B /* Base */ = {isa = PBXFileReference; lastKnownFileType = file.storyboard; name = Base; path = Base.lproj/LaunchScreen.storyboard; sourceTree = "<group>"; };
		577E08071D98B7DC0026413B /* Info.plist */ = {isa = PBXFileReference; lastKnownFileType = text.plist.xml; path = Info.plist; sourceTree = "<group>"; };
		577E080D1D98B90B0026413B /* ViewA.swift */ = {isa = PBXFileReference; fileEncoding = 4; lastKnownFileType = sourcecode.swift; path = ViewA.swift; sourceTree = "<group>"; };
		577E080F1D98B9140026413B /* ViewB.swift */ = {isa = PBXFileReference; fileEncoding = 4; lastKnownFileType = sourcecode.swift; path = ViewB.swift; sourceTree = "<group>"; };
		577E08111D98B9220026413B /* ViewC.swift */ = {isa = PBXFileReference; fileEncoding = 4; lastKnownFileType = sourcecode.swift; path = ViewC.swift; sourceTree = "<group>"; };
		577E08131D98E4B90026413B /* ViewD.swift */ = {isa = PBXFileReference; fileEncoding = 4; lastKnownFileType = sourcecode.swift; path = ViewD.swift; sourceTree = "<group>"; };
/* End PBXFileReference section */

/* Begin PBXFrameworksBuildPhase section */
		577E07F51D98B7DC0026413B /* Frameworks */ = {
			isa = PBXFrameworksBuildPhase;
			buildActionMask = 2147483647;
			files = (
			);
			runOnlyForDeploymentPostprocessing = 0;
		};
/* End PBXFrameworksBuildPhase section */

/* Begin PBXGroup section */
		577E07EF1D98B7DC0026413B = {
			isa = PBXGroup;
			children = (
				577E07FA1D98B7DC0026413B /* 视图响应 */,
				577E07F91D98B7DC0026413B /* Products */,
			);
			sourceTree = "<group>";
		};
		577E07F91D98B7DC0026413B /* Products */ = {
			isa = PBXGroup;
			children = (
				577E07F81D98B7DC0026413B /* 视图响应.app */,
			);
			name = Products;
			sourceTree = "<group>";
		};
		577E07FA1D98B7DC0026413B /* 视图响应 */ = {
			isa = PBXGroup;
			children = (
				577E07FB1D98B7DC0026413B /* AppDelegate.swift */,
				577E07FD1D98B7DC0026413B /* ViewController.swift */,
				577E080D1D98B90B0026413B /* ViewA.swift */,
				577E080F1D98B9140026413B /* ViewB.swift */,
				577E08111D98B9220026413B /* ViewC.swift */,
				577E08131D98E4B90026413B /* ViewD.swift */,
				577E07FF1D98B7DC0026413B /* Main.storyboard */,
				577E08021D98B7DC0026413B /* Assets.xcassets */,
				577E08041D98B7DC0026413B /* LaunchScreen.storyboard */,
				577E08071D98B7DC0026413B /* Info.plist */,
			);
			path = "视图响应";
			sourceTree = "<group>";
		};
/* End PBXGroup section */

/* Begin PBXNativeTarget section */
		577E07F71D98B7DC0026413B /* 视图响应 */ = {
			isa = PBXNativeTarget;
			buildConfigurationList = 577E080A1D98B7DC0026413B /* Build configuration list for PBXNativeTarget "视图响应" */;
			buildPhases = (
				577E07F41D98B7DC0026413B /* Sources */,
				577E07F51D98B7DC0026413B /* Frameworks */,
				577E07F61D98B7DC0026413B /* Resources */,
			);
			buildRules = (
			);
			dependencies = (
			);
			name = "视图响应";
			productName = "视图响应";
			productReference = 577E07F81D98B7DC0026413B /* 视图响应.app */;
			productType = "com.apple.product-type.application";
		};
/* End PBXNativeTarget section */

/* Begin PBXProject section */
		577E07F01D98B7DC0026413B /* Project object */ = {
			isa = PBXProject;
			attributes = {
				LastSwiftUpdateCheck = 0800;
				LastUpgradeCheck = 0800;
				ORGANIZATIONNAME = "张永俊";
				TargetAttributes = {
					577E07F71D98B7DC0026413B = {
						CreatedOnToolsVersion = 8.0;
						DevelopmentTeam = K7Y6C8JUH6;
						ProvisioningStyle = Automatic;
					};
				};
			};
			buildConfigurationList = 577E07F31D98B7DC0026413B /* Build configuration list for PBXProject "视图响应" */;
			compatibilityVersion = "Xcode 3.2";
			developmentRegion = English;
			hasScannedForEncodings = 0;
			knownRegions = (
				en,
				Base,
			);
			mainGroup = 577E07EF1D98B7DC0026413B;
			productRefGroup = 577E07F91D98B7DC0026413B /* Products */;
			projectDirPath = "";
			projectRoot = "";
			targets = (
				577E07F71D98B7DC0026413B /* 视图响应 */,
			);
		};
/* End PBXProject section */

/* Begin PBXResourcesBuildPhase section */
		577E07F61D98B7DC0026413B /* Resources */ = {
			isa = PBXResourcesBuildPhase;
			buildActionMask = 2147483647;
			files = (
				577E08061D98B7DC0026413B /* LaunchScreen.storyboard in Resources */,
				577E08031D98B7DC0026413B /* Assets.xcassets in Resources */,
				577E08011D98B7DC0026413B /* Main.storyboard in Resources */,
			);
			runOnlyForDeploymentPostprocessing = 0;
		};
/* End PBXResourcesBuildPhase section */

/* Begin PBXSourcesBuildPhase section */
		577E07F41D98B7DC0026413B /* Sources */ = {
			isa = PBXSourcesBuildPhase;
			buildActionMask = 2147483647;
			files = (
				577E07FE1D98B7DC0026413B /* ViewController.swift in Sources */,
				577E08141D98E4B90026413B /* ViewD.swift in Sources */,
				577E080E1D98B90B0026413B /* ViewA.swift in Sources */,
				577E08121D98B9220026413B /* ViewC.swift in Sources */,
				577E07FC1D98B7DC0026413B /* AppDelegate.swift in Sources */,
				577E08101D98B9140026413B /* ViewB.swift in Sources */,
			);
			runOnlyForDeploymentPostprocessing = 0;
		};
/* End PBXSourcesBuildPhase section */

/* Begin PBXVariantGroup section */
		577E07FF1D98B7DC0026413B /* Main.storyboard */ = {
			isa = PBXVariantGroup;
			children = (
				577E08001D98B7DC0026413B /* Base */,
			);
			name = Main.storyboard;
			sourceTree = "<group>";
		};
		577E08041D98B7DC0026413B /* LaunchScreen.storyboard */ = {
			isa = PBXVariantGroup;
			children = (
				577E08051D98B7DC0026413B /* Base */,
			);
			name = LaunchScreen.storyboard;
			sourceTree = "<group>";
		};
/* End PBXVariantGroup section */

/* Begin XCBuildConfiguration section */
		577E08081D98B7DC0026413B /* Debug */ = {
			isa = XCBuildConfiguration;
			buildSettings = {
				ALWAYS_SEARCH_USER_PATHS = NO;
				CLANG_ANALYZER_NONNULL = YES;
				CLANG_CXX_LANGUAGE_STANDARD = "gnu++0x";
				CLANG_CXX_LIBRARY = "libc++";
				CLANG_ENABLE_MODULES = YES;
				CLANG_ENABLE_OBJC_ARC = YES;
				CLANG_WARN_BOOL_CONVERSION = YES;
				CLANG_WARN_CONSTANT_CONVERSION = YES;
				CLANG_WARN_DIRECT_OBJC_ISA_USAGE = YES_ERROR;
				CLANG_WARN_DOCUMENTATION_COMMENTS = YES;
				CLANG_WARN_EMPTY_BODY = YES;
				CLANG_WARN_ENUM_CONVERSION = YES;
				CLANG_WARN_INFINITE_RECURSION = YES;
				CLANG_WARN_INT_CONVERSION = YES;
				CLANG_WARN_OBJC_ROOT_CLASS = YES_ERROR;
				CLANG_WARN_SUSPICIOUS_MOVES = YES;
				CLANG_WARN_UNREACHABLE_CODE = YES;
				CLANG_WARN__DUPLICATE_METHOD_MATCH = YES;
				"CODE_SIGN_IDENTITY[sdk=iphoneos*]" = "iPhone Developer";
				COPY_PHASE_STRIP = NO;
				DEBUG_INFORMATION_FORMAT = dwarf;
				ENABLE_STRICT_OBJC_MSGSEND = YES;
				ENABLE_TESTABILITY = YES;
				GCC_C_LANGUAGE_STANDARD = gnu99;
				GCC_DYNAMIC_NO_PIC = NO;
				GCC_NO_COMMON_BLOCKS = YES;
				GCC_OPTIMIZATION_LEVEL = 0;
				GCC_PREPROCESSOR_DEFINITIONS = (
					"DEBUG=1",
					"$(inherited)",
				);
				GCC_WARN_64_TO_32_BIT_CONVERSION = YES;
				GCC_WARN_ABOUT_RETURN_TYPE = YES_ERROR;
				GCC_WARN_UNDECLARED_SELECTOR = YES;
				GCC_WARN_UNINITIALIZED_AUTOS = YES_AGGRESSIVE;
				GCC_WARN_UNUSED_FUNCTION = YES;
				GCC_WARN_UNUSED_VARIABLE = YES;
				IPHONEOS_DEPLOYMENT_TARGET = 10.0;
				MTL_ENABLE_DEBUG_INFO = YES;
				ONLY_ACTIVE_ARCH = YES;
				SDKROOT = iphoneos;
				SWIFT_ACTIVE_COMPILATION_CONDITIONS = DEBUG;
				SWIFT_OPTIMIZATION_LEVEL = "-Onone";
				TARGETED_DEVICE_FAMILY = "1,2";
			};
			name = Debug;
		};
		577E08091D98B7DC0026413B /* Release */ = {
			isa = XCBuildConfiguration;
			buildSettings = {
				ALWAYS_SEARCH_USER_PATHS = NO;
				CLANG_ANALYZER_NONNULL = YES;
				CLANG_CXX_LANGUAGE_STANDARD = "gnu++0x";
				CLANG_CXX_LIBRARY = "libc++";
				CLANG_ENABLE_MODULES = YES;
				CLANG_ENABLE_OBJC_ARC = YES;
				CLANG_WARN_BOOL_CONVERSION = YES;
				CLANG_WARN_CONSTANT_CONVERSION = YES;
				CLANG_WARN_DIRECT_OBJC_ISA_USAGE = YES_ERROR;
				CLANG_WARN_DOCUMENTATION_COMMENTS = YES;
				CLANG_WARN_EMPTY_BODY = YES;
				CLANG_WARN_ENUM_CONVERSION = YES;
				CLANG_WARN_INFINITE_RECURSION = YES;
				CLANG_WARN_INT_CONVERSION = YES;
				CLANG_WARN_OBJC_ROOT_CLASS = YES_ERROR;
				CLANG_WARN_SUSPICIOUS_MOVES = YES;
				CLANG_WARN_UNREACHABLE_CODE = YES;
				CLANG_WARN__DUPLICATE_METHOD_MATCH = YES;
				"CODE_SIGN_IDENTITY[sdk=iphoneos*]" = "iPhone Developer";
				COPY_PHASE_STRIP = NO;
				DEBUG_INFORMATION_FORMAT = "dwarf-with-dsym";
				ENABLE_NS_ASSERTIONS = NO;
				ENABLE_STRICT_OBJC_MSGSEND = YES;
				GCC_C_LANGUAGE_STANDARD = gnu99;
				GCC_NO_COMMON_BLOCKS = YES;
				GCC_WARN_64_TO_32_BIT_CONVERSION = YES;
				GCC_WARN_ABOUT_RETURN_TYPE = YES_ERROR;
				GCC_WARN_UNDECLARED_SELECTOR = YES;
				GCC_WARN_UNINITIALIZED_AUTOS = YES_AGGRESSIVE;
				GCC_WARN_UNUSED_FUNCTION = YES;
				GCC_WARN_UNUSED_VARIABLE = YES;
				IPHONEOS_DEPLOYMENT_TARGET = 10.0;
				MTL_ENABLE_DEBUG_INFO = NO;
				SDKROOT = iphoneos;
				SWIFT_OPTIMIZATION_LEVEL = "-Owholemodule";
				TARGETED_DEVICE_FAMILY = "1,2";
				VALIDATE_PRODUCT = YES;
			};
			name = Release;
		};
		577E080B1D98B7DC0026413B /* Debug */ = {
			isa = XCBuildConfiguration;
			buildSettings = {
				ASSETCATALOG_COMPILER_APPICON_NAME = AppIcon;
				DEVELOPMENT_TEAM = K7Y6C8JUH6;
				INFOPLIST_FILE = "视图响应/Info.plist";
				LD_RUNPATH_SEARCH_PATHS = "$(inherited) @executable_path/Frameworks";
				PRODUCT_BUNDLE_IDENTIFIER = "ddn.----";
				PRODUCT_NAME = "$(TARGET_NAME)";
				SWIFT_VERSION = 3.0;
			};
			name = Debug;
		};
		577E080C1D98B7DC0026413B /* Release */ = {
			isa = XCBuildConfiguration;
			buildSettings = {
				ASSETCATALOG_COMPILER_APPICON_NAME = AppIcon;
				DEVELOPMENT_TEAM = K7Y6C8JUH6;
				INFOPLIST_FILE = "视图响应/Info.plist";
				LD_RUNPATH_SEARCH_PATHS = "$(inherited) @executable_path/Frameworks";
				PRODUCT_BUNDLE_IDENTIFIER = "ddn.----";
				PRODUCT_NAME = "$(TARGET_NAME)";
				SWIFT_VERSION = 3.0;
			};
			name = Release;
		};
/* End XCBuildConfiguration section */

/* Begin XCConfigurationList section */
		577E07F31D98B7DC0026413B /* Build configuration list for PBXProject "视图响应" */ = {
			isa = XCConfigurationList;
			buildConfigurations = (
				577E08081D98B7DC0026413B /* Debug */,
				577E08091D98B7DC0026413B /* Release */,
			);
			defaultConfigurationIsVisible = 0;
			defaultConfigurationName = Release;
		};
		577E080A1D98B7DC0026413B /* Build configuration list for PBXNativeTarget "视图响应" */ = {
			isa = XCConfigurationList;
			buildConfigurations = (
				577E080B1D98B7DC0026413B /* Debug */,
				577E080C1D98B7DC0026413B /* Release */,
			);
			defaultConfigurationIsVisible = 0;
		};
/* End XCConfigurationList section */
	};
	rootObject = 577E07F01D98B7DC0026413B /* Project object */;
}
